
Microsoft Visual Studio Solution File, Format Version 12.00
# Visual Studio Version 17
VisualStudioVersion = 17.1.32228.430
MinimumVisualStudioVersion = 10.0.40219.1
Project("{FAE04EC0-301F-11D3-BF4B-00C04F79EFBC}") = "average", "average.csproj", "{BB73F4ED-DE03-41F9-9B1E-1F78151B58D9}"
EndProject
Global
	GlobalSection(SolutionConfigurationPlatforms) = preSolution
		Debug|Any CPU = Debug|Any CPU
		Release|Any CPU = Release|Any CPU
	EndGlobalSection
	GlobalSection(ProjectConfigurationPlatforms) = postSolution
		{BB73F4ED-DE03-41F9-9B1E-1F78151B58D9}.Debug|Any CPU.ActiveCfg = Debug|Any CPU
		{BB73F4ED-DE03-41F9-9B1E-1F78151B58D9}.Debug|Any CPU.Build.0 = Debug|Any CPU
		{BB73F4ED-DE03-41F9-9B1E-1F78151B58D9}.Release|Any CPU.ActiveCfg = Release|Any CPU
		{BB73F4ED-DE03-41F9-9B1E-1F78151B58D9}.Release|Any CPU.Build.0 = Release|Any CPU
	EndGlobalSection
	GlobalSection(SolutionProperties) = preSolution
		HideSolutionNode = FALSE
	EndGlobalSection
	GlobalSection(ExtensibilityGlobals) = postSolution
		SolutionGuid = {2643DB45-8CF0-4E3F-84FE-1B6F0331BF0E}
	EndGlobalSection
EndGlobal
