
Microsoft Visual Studio Solution File, Format Version 12.00
# Visual Studio Version 17
VisualStudioVersion = 17.1.32228.430
MinimumVisualStudioVersion = 10.0.40219.1
Project("{FAE04EC0-301F-11D3-BF4B-00C04F79EFBC}") = "ps5", "ps5.csproj", "{556766E6-E941-41B6-8C28-9577F047CCAB}"
EndProject
Global
	GlobalSection(SolutionConfigurationPlatforms) = preSolution
		Debug|Any CPU = Debug|Any CPU
		Release|Any CPU = Release|Any CPU
	EndGlobalSection
	GlobalSection(ProjectConfigurationPlatforms) = postSolution
		{556766E6-E941-41B6-8C28-9577F047CCAB}.Debug|Any CPU.ActiveCfg = Debug|Any CPU
		{556766E6-E941-41B6-8C28-9577F047CCAB}.Debug|Any CPU.Build.0 = Debug|Any CPU
		{556766E6-E941-41B6-8C28-9577F047CCAB}.Release|Any CPU.ActiveCfg = Release|Any CPU
		{556766E6-E941-41B6-8C28-9577F047CCAB}.Release|Any CPU.Build.0 = Release|Any CPU
	EndGlobalSection
	GlobalSection(SolutionProperties) = preSolution
		HideSolutionNode = FALSE
	EndGlobalSection
	GlobalSection(ExtensibilityGlobals) = postSolution
		SolutionGuid = {1E2F35CE-AECC-419C-9F45-F83DA39BD6D1}
	EndGlobalSection
EndGlobal
